
Microsoft Visual Studio Solution File, Format Version 12.00
# Visual Studio Version 17
VisualStudioVersion = 17.14.36408.4 d17.14
MinimumVisualStudioVersion = 10.0.40219.1
Project("{FAE04EC0-301F-11D3-BF4B-00C04F79EFBC}") = "StackOverflowClone", "StackOverflowClone\StackOverflowClone.csproj", "{5EFE1070-3746-4B1F-BD15-B5A0A6B69E58}"
EndProject
Global
	GlobalSection(SolutionConfigurationPlatforms) = preSolution
		Debug|Any CPU = Debug|Any CPU
		Release|Any CPU = Release|Any CPU
	EndGlobalSection
	GlobalSection(ProjectConfigurationPlatforms) = postSolution
		{5EFE1070-3746-4B1F-BD15-B5A0A6B69E58}.Debug|Any CPU.ActiveCfg = Debug|Any CPU
		{5EFE1070-3746-4B1F-BD15-B5A0A6B69E58}.Debug|Any CPU.Build.0 = Debug|Any CPU
		{5EFE1070-3746-4B1F-BD15-B5A0A6B69E58}.Release|Any CPU.ActiveCfg = Release|Any CPU
		{5EFE1070-3746-4B1F-BD15-B5A0A6B69E58}.Release|Any CPU.Build.0 = Release|Any CPU
	EndGlobalSection
	GlobalSection(SolutionProperties) = preSolution
		HideSolutionNode = FALSE
	EndGlobalSection
	GlobalSection(ExtensibilityGlobals) = postSolution
		SolutionGuid = {7390F6E4-66F9-42FB-98C6-24CE418EB2C7}
	EndGlobalSection
EndGlobal
